
Microsoft Visual Studio Solution File, Format Version 12.00
# Visual Studio Version 16
VisualStudioVersion = 16.0.29503.13
MinimumVisualStudioVersion = 10.0.40219.1
Project("{FAE04EC0-301F-11D3-BF4B-00C04F79EFBC}") = "aceleradev", "aceleradev\aceleradev.csproj", "{0E4A0A23-7842-48FF-A1EA-5C55293EFC8D}"
EndProject
Project("{FAE04EC0-301F-11D3-BF4B-00C04F79EFBC}") = "AceleraDevTests", "..\AceleraDevTests\AceleraDevTests.csproj", "{EB33D5EE-EEC7-49EA-B13D-91A910C058A2}"
EndProject
Global
	GlobalSection(SolutionConfigurationPlatforms) = preSolution
		Debug|Any CPU = Debug|Any CPU
		Release|Any CPU = Release|Any CPU
	EndGlobalSection
	GlobalSection(ProjectConfigurationPlatforms) = postSolution
		{0E4A0A23-7842-48FF-A1EA-5C55293EFC8D}.Debug|Any CPU.ActiveCfg = Debug|Any CPU
		{0E4A0A23-7842-48FF-A1EA-5C55293EFC8D}.Debug|Any CPU.Build.0 = Debug|Any CPU
		{0E4A0A23-7842-48FF-A1EA-5C55293EFC8D}.Release|Any CPU.ActiveCfg = Release|Any CPU
		{0E4A0A23-7842-48FF-A1EA-5C55293EFC8D}.Release|Any CPU.Build.0 = Release|Any CPU
		{EB33D5EE-EEC7-49EA-B13D-91A910C058A2}.Debug|Any CPU.ActiveCfg = Debug|Any CPU
		{EB33D5EE-EEC7-49EA-B13D-91A910C058A2}.Debug|Any CPU.Build.0 = Debug|Any CPU
		{EB33D5EE-EEC7-49EA-B13D-91A910C058A2}.Release|Any CPU.ActiveCfg = Release|Any CPU
		{EB33D5EE-EEC7-49EA-B13D-91A910C058A2}.Release|Any CPU.Build.0 = Release|Any CPU
	EndGlobalSection
	GlobalSection(SolutionProperties) = preSolution
		HideSolutionNode = FALSE
	EndGlobalSection
	GlobalSection(ExtensibilityGlobals) = postSolution
		SolutionGuid = {7A7BCF64-3990-4658-955B-0C031D074159}
	EndGlobalSection
EndGlobal
